// !$*UTF8*$!
{
	archiveVersion = 1;
	classes = {
	};
	objectVersion = 46;
	objects = {

/* Begin PBXBuildFile section */
		99D5C1131C4DA59800C3BBD2 /* AppDelegate.swift in Sources */ = {isa = PBXBuildFile; fileRef = 99D5C1121C4DA59800C3BBD2 /* AppDelegate.swift */; };
		99D5C1151C4DA59800C3BBD2 /* ViewController.swift in Sources */ = {isa = PBXBuildFile; fileRef = 99D5C1141C4DA59800C3BBD2 /* ViewController.swift */; };
		99D5C1181C4DA59800C3BBD2 /* Main.storyboard in Resources */ = {isa = PBXBuildFile; fileRef = 99D5C1161C4DA59800C3BBD2 /* Main.storyboard */; };
		99D5C11A1C4DA59800C3BBD2 /* Assets.xcassets in Resources */ = {isa = PBXBuildFile; fileRef = 99D5C1191C4DA59800C3BBD2 /* Assets.xcassets */; };
		99D5C11D1C4DA59800C3BBD2 /* LaunchScreen.storyboard in Resources */ = {isa = PBXBuildFile; fileRef = 99D5C11B1C4DA59800C3BBD2 /* LaunchScreen.storyboard */; };
/* End PBXBuildFile section */

/* Begin PBXFileReference section */
		99D5C10F1C4DA59800C3BBD2 /* Tip CalCulator.app */ = {isa = PBXFileReference; explicitFileType = wrapper.application; includeInIndex = 0; path = "Tip CalCulator.app"; sourceTree = BUILT_PRODUCTS_DIR; };
		99D5C1121C4DA59800C3BBD2 /* AppDelegate.swift */ = {isa = PBXFileReference; lastKnownFileType = sourcecode.swift; path = AppDelegate.swift; sourceTree = "<group>"; };
		99D5C1141C4DA59800C3BBD2 /* ViewController.swift */ = {isa = PBXFileReference; lastKnownFileType = sourcecode.swift; path = ViewController.swift; sourceTree = "<group>"; };
		99D5C1171C4DA59800C3BBD2 /* Base */ = {isa = PBXFileReference; lastKnownFileType = file.storyboard; name = Base; path = Base.lproj/Main.storyboard; sourceTree = "<group>"; };
		99D5C1191C4DA59800C3BBD2 /* Assets.xcassets */ = {isa = PBXFileReference; lastKnownFileType = folder.assetcatalog; path = Assets.xcassets; sourceTree = "<group>"; };
		99D5C11C1C4DA59800C3BBD2 /* Base */ = {isa = PBXFileReference; lastKnownFileType = file.storyboard; name = Base; path = Base.lproj/LaunchScreen.storyboard; sourceTree = "<group>"; };
		99D5C11E1C4DA59800C3BBD2 /* Info.plist */ = {isa = PBXFileReference; lastKnownFileType = text.plist.xml; path = Info.plist; sourceTree = "<group>"; };
/* End PBXFileReference section */

/* Begin PBXFrameworksBuildPhase section */
		99D5C10C1C4DA59800C3BBD2 /* Frameworks */ = {
			isa = PBXFrameworksBuildPhase;
			buildActionMask = 2147483647;
			files = (
			);
			runOnlyForDeploymentPostprocessing = 0;
		};
/* End PBXFrameworksBuildPhase section */

/* Begin PBXGroup section */
		99D5C1061C4DA59800C3BBD2 = {
			isa = PBXGroup;
			children = (
				99D5C1111C4DA59800C3BBD2 /* Tip CalCulator */,
				99D5C1101C4DA59800C3BBD2 /* Products */,
			);
			sourceTree = "<group>";
		};
		99D5C1101C4DA59800C3BBD2 /* Products */ = {
			isa = PBXGroup;
			children = (
				99D5C10F1C4DA59800C3BBD2 /* Tip CalCulator.app */,
			);
			name = Products;
			sourceTree = "<group>";
		};
		99D5C1111C4DA59800C3BBD2 /* Tip CalCulator */ = {
			isa = PBXGroup;
			children = (
				99D5C1121C4DA59800C3BBD2 /* AppDelegate.swift */,
				99D5C1141C4DA59800C3BBD2 /* ViewController.swift */,
				99D5C1161C4DA59800C3BBD2 /* Main.storyboard */,
				99D5C1191C4DA59800C3BBD2 /* Assets.xcassets */,
				99D5C11B1C4DA59800C3BBD2 /* LaunchScreen.storyboard */,
				99D5C11E1C4DA59800C3BBD2 /* Info.plist */,
			);
			path = "Tip CalCulator";
			sourceTree = "<group>";
		};
/* End PBXGroup section */

/* Begin PBXNativeTarget section */
		99D5C10E1C4DA59800C3BBD2 /* Tip CalCulator */ = {
			isa = PBXNativeTarget;
			buildConfigurationList = 99D5C1211C4DA59800C3BBD2 /* Build configuration list for PBXNativeTarget "Tip CalCulator" */;
			buildPhases = (
				99D5C10B1C4DA59800C3BBD2 /* Sources */,
				99D5C10C1C4DA59800C3BBD2 /* Frameworks */,
				99D5C10D1C4DA59800C3BBD2 /* Resources */,
			);
			buildRules = (
			);
			dependencies = (
			);
			name = "Tip CalCulator";
			productName = "Tip CalCulator";
			productReference = 99D5C10F1C4DA59800C3BBD2 /* Tip CalCulator.app */;
			productType = "com.apple.product-type.application";
		};
/* End PBXNativeTarget section */

/* Begin PBXProject section */
		99D5C1071C4DA59800C3BBD2 /* Project object */ = {
			isa = PBXProject;
			attributes = {
				LastSwiftUpdateCheck = 0730;
				LastUpgradeCheck = 0730;
				ORGANIZATIONNAME = "Ruben Pla";
				TargetAttributes = {
					99D5C10E1C4DA59800C3BBD2 = {
						CreatedOnToolsVersion = 7.3;
					};
				};
			};
			buildConfigurationList = 99D5C10A1C4DA59800C3BBD2 /* Build configuration list for PBXProject "Tip CalCulator" */;
			compatibilityVersion = "Xcode 3.2";
			developmentRegion = English;
			hasScannedForEncodings = 0;
			knownRegions = (
				en,
				Base,
			);
			mainGroup = 99D5C1061C4DA59800C3BBD2;
			productRefGroup = 99D5C1101C4DA59800C3BBD2 /* Products */;
			projectDirPath = "";
			projectRoot = "";
			targets = (
				99D5C10E1C4DA59800C3BBD2 /* Tip CalCulator */,
			);
		};
/* End PBXProject section */

/* Begin PBXResourcesBuildPhase section */
		99D5C10D1C4DA59800C3BBD2 /* Resources */ = {
			isa = PBXResourcesBuildPhase;
			buildActionMask = 2147483647;
			files = (
				99D5C11D1C4DA59800C3BBD2 /* LaunchScreen.storyboard in Resources */,
				99D5C11A1C4DA59800C3BBD2 /* Assets.xcassets in Resources */,
				99D5C1181C4DA59800C3BBD2 /* Main.storyboard in Resources */,
			);
			runOnlyForDeploymentPostprocessing = 0;
		};
/* End PBXResourcesBuildPhase section */

/* Begin PBXSourcesBuildPhase section */
		99D5C10B1C4DA59800C3BBD2 /* Sources */ = {
			isa = PBXSourcesBuildPhase;
			buildActionMask = 2147483647;
			files = (
				99D5C1151C4DA59800C3BBD2 /* ViewController.swift in Sources */,
				99D5C1131C4DA59800C3BBD2 /* AppDelegate.swift in Sources */,
			);
			runOnlyForDeploymentPostprocessing = 0;
		};
/* End PBXSourcesBuildPhase section */

/* Begin PBXVariantGroup section */
		99D5C1161C4DA59800C3BBD2 /* Main.storyboard */ = {
			isa = PBXVariantGroup;
			children = (
				99D5C1171C4DA59800C3BBD2 /* Base */,
			);
			name = Main.storyboard;
			sourceTree = "<group>";
		};
		99D5C11B1C4DA59800C3BBD2 /* LaunchScreen.storyboard */ = {
			isa = PBXVariantGroup;
			children = (
				99D5C11C1C4DA59800C3BBD2 /* Base */,
			);
			name = LaunchScreen.storyboard;
			sourceTree = "<group>";
		};
/* End PBXVariantGroup section */

/* Begin XCBuildConfiguration section */
		99D5C11F1C4DA59800C3BBD2 /* Debug */ = {
			isa = XCBuildConfiguration;
			buildSettings = {
				ALWAYS_SEARCH_USER_PATHS = NO;
				CLANG_CXX_LANGUAGE_STANDARD = "gnu++0x";
				CLANG_CXX_LIBRARY = "libc++";
				CLANG_ENABLE_MODULES = YES;
				CLANG_ENABLE_OBJC_ARC = YES;
				CLANG_WARN_BOOL_CONVERSION = YES;
				CLANG_WARN_CONSTANT_CONVERSION = YES;
				CLANG_WARN_DIRECT_OBJC_ISA_USAGE = YES_ERROR;
				CLANG_WARN_EMPTY_BODY = YES;
				CLANG_WARN_ENUM_CONVERSION = YES;
				CLANG_WARN_INT_CONVERSION = YES;
				CLANG_WARN_OBJC_ROOT_CLASS = YES_ERROR;
				CLANG_WARN_UNREACHABLE_CODE = YES;
				CLANG_WARN__DUPLICATE_METHOD_MATCH = YES;
				"CODE_SIGN_IDENTITY[sdk=iphoneos*]" = "iPhone Developer";
				COPY_PHASE_STRIP = NO;
				DEBUG_INFORMATION_FORMAT = dwarf;
				ENABLE_STRICT_OBJC_MSGSEND = YES;
				ENABLE_TESTABILITY = YES;
				GCC_C_LANGUAGE_STANDARD = gnu99;
				GCC_DYNAMIC_NO_PIC = NO;
				GCC_NO_COMMON_BLOCKS = YES;
				GCC_OPTIMIZATION_LEVEL = 0;
				GCC_PREPROCESSOR_DEFINITIONS = (
					"DEBUG=1",
					"$(inherited)",
				);
				GCC_WARN_64_TO_32_BIT_CONVERSION = YES;
				GCC_WARN_ABOUT_RETURN_TYPE = YES_ERROR;
				GCC_WARN_UNDECLARED_SELECTOR = YES;
				GCC_WARN_UNINITIALIZED_AUTOS = YES_AGGRESSIVE;
				GCC_WARN_UNUSED_FUNCTION = YES;
				GCC_WARN_UNUSED_VARIABLE = YES;
				IPHONEOS_DEPLOYMENT_TARGET = 9.3;
				MTL_ENABLE_DEBUG_INFO = YES;
				ONLY_ACTIVE_ARCH = YES;
				SDKROOT = iphoneos;
				SWIFT_OPTIMIZATION_LEVEL = "-Onone";
			};
			name = Debug;
		};
		99D5C1201C4DA59800C3BBD2 /* Release */ = {
			isa = XCBuildConfiguration;
			buildSettings = {
				ALWAYS_SEARCH_USER_PATHS = NO;
				CLANG_CXX_LANGUAGE_STANDARD = "gnu++0x";
				CLANG_CXX_LIBRARY = "libc++";
				CLANG_ENABLE_MODULES = YES;
				CLANG_ENABLE_OBJC_ARC = YES;
				CLANG_WARN_BOOL_CONVERSION = YES;
				CLANG_WARN_CONSTANT_CONVERSION = YES;
				CLANG_WARN_DIRECT_OBJC_ISA_USAGE = YES_ERROR;
				CLANG_WARN_EMPTY_BODY = YES;
				CLANG_WARN_ENUM_CONVERSION = YES;
				CLANG_WARN_INT_CONVERSION = YES;
				CLANG_WARN_OBJC_ROOT_CLASS = YES_ERROR;
				CLANG_WARN_UNREACHABLE_CODE = YES;
				CLANG_WARN__DUPLICATE_METHOD_MATCH = YES;
				"CODE_SIGN_IDENTITY[sdk=iphoneos*]" = "iPhone Developer";
				COPY_PHASE_STRIP = NO;
				DEBUG_INFORMATION_FORMAT = "dwarf-with-dsym";
				ENABLE_NS_ASSERTIONS = NO;
				ENABLE_STRICT_OBJC_MSGSEND = YES;
				GCC_C_LANGUAGE_STANDARD = gnu99;
				GCC_NO_COMMON_BLOCKS = YES;
				GCC_WARN_64_TO_32_BIT_CONVERSION = YES;
				GCC_WARN_ABOUT_RETURN_TYPE = YES_ERROR;
				GCC_WARN_UNDECLARED_SELECTOR = YES;
				GCC_WARN_UNINITIALIZED_AUTOS = YES_AGGRESSIVE;
				GCC_WARN_UNUSED_FUNCTION = YES;
				GCC_WARN_UNUSED_VARIABLE = YES;
				IPHONEOS_DEPLOYMENT_TARGET = 9.3;
				MTL_ENABLE_DEBUG_INFO = NO;
				SDKROOT = iphoneos;
				VALIDATE_PRODUCT = YES;
			};
			name = Release;
		};
		99D5C1221C4DA59800C3BBD2 /* Debug */ = {
			isa = XCBuildConfiguration;
			buildSettings = {
				ASSETCATALOG_COMPILER_APPICON_NAME = AppIcon;
				INFOPLIST_FILE = "Tip CalCulator/Info.plist";
				LD_RUNPATH_SEARCH_PATHS = "$(inherited) @executable_path/Frameworks";
				PRODUCT_BUNDLE_IDENTIFIER = "com.rubenpla.dev.Tip-CalCulator";
				PRODUCT_NAME = "$(TARGET_NAME)";
			};
			name = Debug;
		};
		99D5C1231C4DA59800C3BBD2 /* Release */ = {
			isa = XCBuildConfiguration;
			buildSettings = {
				ASSETCATALOG_COMPILER_APPICON_NAME = AppIcon;
				INFOPLIST_FILE = "Tip CalCulator/Info.plist";
				LD_RUNPATH_SEARCH_PATHS = "$(inherited) @executable_path/Frameworks";
				PRODUCT_BUNDLE_IDENTIFIER = "com.rubenpla.dev.Tip-CalCulator";
				PRODUCT_NAME = "$(TARGET_NAME)";
			};
			name = Release;
		};
/* End XCBuildConfiguration section */

/* Begin XCConfigurationList section */
		99D5C10A1C4DA59800C3BBD2 /* Build configuration list for PBXProject "Tip CalCulator" */ = {
			isa = XCConfigurationList;
			buildConfigurations = (
				99D5C11F1C4DA59800C3BBD2 /* Debug */,
				99D5C1201C4DA59800C3BBD2 /* Release */,
			);
			defaultConfigurationIsVisible = 0;
			defaultConfigurationName = Release;
		};
		99D5C1211C4DA59800C3BBD2 /* Build configuration list for PBXNativeTarget "Tip CalCulator" */ = {
			isa = XCConfigurationList;
			buildConfigurations = (
				99D5C1221C4DA59800C3BBD2 /* Debug */,
				99D5C1231C4DA59800C3BBD2 /* Release */,
			);
			defaultConfigurationIsVisible = 0;
		};
/* End XCConfigurationList section */
	};
	rootObject = 99D5C1071C4DA59800C3BBD2 /* Project object */;
}
